{
    "_readme": [
        "This file locks the dependencies of your project to a known state",
        "Read more about it at https://getcomposer.org/doc/01-basic-usage.md#installing-dependencies",
        "This file is @generated automatically"
    ],
    "content-hash": "a40a3cf1a8b7ca3510df4fc6db898a0f",
    "packages": [
        {
            "name": "fastvolt/markdown",
            "version": "v0.2.5",
            "source": {
                "type": "git",
                "url": "https://github.com/fastvolt/markdown.git",
                "reference": "980a954841806ffcf731ff4c58b527c77ebdfb1e"
            },
            "dist": {
                "type": "zip",
                "url": "https://api.github.com/repos/fastvolt/markdown/zipball/980a954841806ffcf731ff4c58b527c77ebdfb1e",
                "reference": "980a954841806ffcf731ff4c58b527c77ebdfb1e",
                "shasum": ""
            },
            "require": {
                "ext-dom": "*",
                "ext-json": "*",
                "ext-libxml": "*",
                "ext-mbstring": "*",
                "ext-tokenizer": "*",
                "ext-xml": "*",
                "ext-xmlwriter": "*",
                "php": "^8.1"
            },
            "require-dev": {
                "friendsofphp/php-cs-fixer": "^3.38",
                "phpunit/phpunit": "^10.4"
            },
            "type": "library",
            "autoload": {
                "psr-4": {
                    "FastVolt\\Helper\\": "src/",
                    "FastVolt\\Helper\\Markdown\\": "src/Markdown/"
                }
            },
            "notification-url": "https://packagist.org/downloads/",
            "license": [
                "MIT"
            ],
            "authors": [
                {
                    "name": "Oladoyinbo Vincent",
                    "email": "oladoyinboadverts@gmail.com"
                }
            ],
            "description": "A Fast, Simple and Straight-forward Markdown to HTML Converter for PHP.",
            "keywords": [
                "markdown",
                "markdown-library",
                "markdown-parser",
                "markdown-to-html"
            ],
            "support": {
                "issues": "https://github.com/fastvolt/markdown/issues",
                "source": "https://github.com/fastvolt/markdown/tree/v0.2.5"
            },
            "time": "2025-11-11T22:50:44+00:00"
        },
        {
            "name": "maxbeckers/php-yaml-parser",
            "version": "0.3.1",
            "source": {
                "type": "git",
                "url": "https://github.com/maxbeckers/php-yaml-parser.git",
                "reference": "09dfd81db4886f4a12bac60e1ab19b7e967b2942"
            },
            "dist": {
                "type": "zip",
                "url": "https://api.github.com/repos/maxbeckers/php-yaml-parser/zipball/09dfd81db4886f4a12bac60e1ab19b7e967b2942",
                "reference": "09dfd81db4886f4a12bac60e1ab19b7e967b2942",
                "shasum": ""
            },
            "require": {
                "ext-mbstring": "*",
                "php": ">=8.2"
            },
            "require-dev": {
                "friendsofphp/php-cs-fixer": "^3.89",
                "phpunit/phpunit": "^10.0",
                "yaml/yaml-test-suite": "*"
            },
            "type": "library",
            "autoload": {
                "psr-4": {
                    "MaxBeckers\\YamlParser\\": "src/"
                }
            },
            "notification-url": "https://packagist.org/downloads/",
            "license": [
                "MIT"
            ],
            "authors": [
                {
                    "name": "Max Beckers",
                    "email": "beckers.maximilian@gmail.com"
                }
            ],
            "description": "Parse YAML with PHP",
            "support": {
                "issues": "https://github.com/maxbeckers/php-yaml-parser/issues",
                "source": "https://github.com/maxbeckers/php-yaml-parser/tree/0.3.1"
            },
            "time": "2026-06-05T07:04:18+00:00"
        },
        {
            "name": "picocss/pico",
            "version": "v2.1.1",
            "source": {
                "type": "git",
                "url": "https://github.com/picocss/pico.git",
                "reference": "1039a4788d6abc368d5485ae6bac84a8f0e3096f"
            },
            "dist": {
                "type": "zip",
                "url": "https://api.github.com/repos/picocss/pico/zipball/1039a4788d6abc368d5485ae6bac84a8f0e3096f",
                "reference": "1039a4788d6abc368d5485ae6bac84a8f0e3096f",
                "shasum": ""
            },
            "type": "library",
            "notification-url": "https://packagist.org/downloads/",
            "license": [
                "MIT"
            ],
            "authors": [
                {
                    "name": "Lucas Larroche",
                    "email": "lucas@larroche.com",
                    "homepage": "https://lucaslarroche.com",
                    "role": "Developer"
                }
            ],
            "description": "Minimal CSS Framework for semantic HTML.",
            "homepage": "https://picocss.com",
            "keywords": [
                "CSS-Framework",
                "css",
                "dark-mode",
                "dark-theme",
                "lightweight",
                "minimal",
                "minimalist",
                "minimalistic",
                "native-html",
                "scss-framework",
                "semantic"
            ],
            "support": {
                "issues": "https://github.com/picocss/pico/issues/",
                "source": "https://github.com/picocss/pico/tree/v2.1.1"
            },
            "time": "2025-03-15T06:44:28+00:00"
        }
    ],
    "packages-dev": [
        {
            "name": "phpstan/phpstan",
            "version": "2.2.2",
            "dist": {
                "type": "zip",
                "url": "https://api.github.com/repos/phpstan/phpstan/zipball/e5cc34d491a90e79c216d824f60fe21fd4d93bd6",
                "reference": "e5cc34d491a90e79c216d824f60fe21fd4d93bd6",
                "shasum": ""
            },
            "require": {
                "php": "^7.4|^8.0"
            },
            "conflict": {
                "phpstan/phpstan-shim": "*"
            },
            "bin": [
                "phpstan",
                "phpstan.phar"
            ],
            "type": "library",
            "autoload": {
                "files": [
                    "bootstrap.php"
                ]
            },
            "notification-url": "https://packagist.org/downloads/",
            "license": [
                "MIT"
            ],
            "authors": [
                {
                    "name": "Ondřej Mirtes"
                },
                {
                    "name": "Markus Staab"
                },
                {
                    "name": "Vincent Langlet"
                }
            ],
            "description": "PHPStan - PHP Static Analysis Tool",
            "keywords": [
                "dev",
                "static analysis"
            ],
            "support": {
                "docs": "https://phpstan.org/user-guide/getting-started",
                "forum": "https://github.com/phpstan/phpstan/discussions",
                "issues": "https://github.com/phpstan/phpstan/issues",
                "security": "https://github.com/phpstan/phpstan/security/policy",
                "source": "https://github.com/phpstan/phpstan-src"
            },
            "funding": [
                {
                    "url": "https://github.com/ondrejmirtes",
                    "type": "github"
                },
                {
                    "url": "https://github.com/phpstan",
                    "type": "github"
                }
            ],
            "time": "2026-06-05T09:00:01+00:00"
        },
        {
            "name": "rector/rector",
            "version": "2.4.5",
            "source": {
                "type": "git",
                "url": "https://github.com/rectorphp/rector.git",
                "reference": "cbd86024be5014d3c14d9f0b3f7aae8ecbffd62c"
            },
            "dist": {
                "type": "zip",
                "url": "https://api.github.com/repos/rectorphp/rector/zipball/cbd86024be5014d3c14d9f0b3f7aae8ecbffd62c",
                "reference": "cbd86024be5014d3c14d9f0b3f7aae8ecbffd62c",
                "shasum": ""
            },
            "require": {
                "php": "^7.4|^8.0",
                "phpstan/phpstan": "^2.1.56"
            },
            "conflict": {
                "rector/rector-doctrine": "*",
                "rector/rector-downgrade-php": "*",
                "rector/rector-phpunit": "*",
                "rector/rector-symfony": "*"
            },
            "suggest": {
                "ext-dom": "To manipulate phpunit.xml via the custom-rule command"
            },
            "bin": [
                "bin/rector"
            ],
            "type": "library",
            "autoload": {
                "files": [
                    "bootstrap.php"
                ]
            },
            "notification-url": "https://packagist.org/downloads/",
            "license": [
                "MIT"
            ],
            "description": "Instant Upgrade and Automated Refactoring of any PHP code",
            "homepage": "https://getrector.com/",
            "keywords": [
                "automation",
                "dev",
                "migration",
                "refactoring"
            ],
            "support": {
                "issues": "https://github.com/rectorphp/rector/issues",
                "source": "https://github.com/rectorphp/rector/tree/2.4.5"
            },
            "funding": [
                {
                    "url": "https://github.com/tomasvotruba",
                    "type": "github"
                }
            ],
            "time": "2026-05-26T21:03:22+00:00"
        }
    ],
    "aliases": [],
    "minimum-stability": "stable",
    "stability-flags": {},
    "prefer-stable": false,
    "prefer-lowest": false,
    "platform": {
        "php": "^8.3"
    },
    "platform-dev": {},
    "plugin-api-version": "2.9.0"
}
